// !$*UTF8*$!
{
	archiveVersion = 1;
	classes = {
	};
	objectVersion = 46;
	objects = {

/* Begin PBXBuildFile section */
		902467EF1EC2335100B07F61 /* AppDelegate.swift in Sources */ = {isa = PBXBuildFile; fileRef = 902467EE1EC2335100B07F61 /* AppDelegate.swift */; };
		902467F11EC2335100B07F61 /* ViewController.swift in Sources */ = {isa = PBXBuildFile; fileRef = 902467F01EC2335100B07F61 /* ViewController.swift */; };
		902467F41EC2335100B07F61 /* Main.storyboard in Resources */ = {isa = PBXBuildFile; fileRef = 902467F21EC2335100B07F61 /* Main.storyboard */; };
		902467F61EC2335100B07F61 /* Assets.xcassets in Resources */ = {isa = PBXBuildFile; fileRef = 902467F51EC2335100B07F61 /* Assets.xcassets */; };
		902467F91EC2335100B07F61 /* LaunchScreen.storyboard in Resources */ = {isa = PBXBuildFile; fileRef = 902467F71EC2335100B07F61 /* LaunchScreen.storyboard */; };
		902468011EC233F300B07F61 /* ManagementStudentTableViewController.swift in Sources */ = {isa = PBXBuildFile; fileRef = 902468001EC233F300B07F61 /* ManagementStudentTableViewController.swift */; };
		902468031EC235AD00B07F61 /* ManagementStudentTableViewCell.swift in Sources */ = {isa = PBXBuildFile; fileRef = 902468021EC235AD00B07F61 /* ManagementStudentTableViewCell.swift */; };
		902468051EC2361800B07F61 /* AddStudentViewController.swift in Sources */ = {isa = PBXBuildFile; fileRef = 902468041EC2361800B07F61 /* AddStudentViewController.swift */; };
		902468071EC236CB00B07F61 /* InfoStudentViewController.swift in Sources */ = {isa = PBXBuildFile; fileRef = 902468061EC236CB00B07F61 /* InfoStudentViewController.swift */; };
		902468091EC2370A00B07F61 /* Student.swift in Sources */ = {isa = PBXBuildFile; fileRef = 902468081EC2370A00B07F61 /* Student.swift */; };
/* End PBXBuildFile section */

/* Begin PBXFileReference section */
		902467EB1EC2335100B07F61 /* ManagementStudent.app */ = {isa = PBXFileReference; explicitFileType = wrapper.application; includeInIndex = 0; path = ManagementStudent.app; sourceTree = BUILT_PRODUCTS_DIR; };
		902467EE1EC2335100B07F61 /* AppDelegate.swift */ = {isa = PBXFileReference; lastKnownFileType = sourcecode.swift; path = AppDelegate.swift; sourceTree = "<group>"; };
		902467F01EC2335100B07F61 /* ViewController.swift */ = {isa = PBXFileReference; lastKnownFileType = sourcecode.swift; path = ViewController.swift; sourceTree = "<group>"; };
		902467F31EC2335100B07F61 /* Base */ = {isa = PBXFileReference; lastKnownFileType = file.storyboard; name = Base; path = Base.lproj/Main.storyboard; sourceTree = "<group>"; };
		902467F51EC2335100B07F61 /* Assets.xcassets */ = {isa = PBXFileReference; lastKnownFileType = folder.assetcatalog; path = Assets.xcassets; sourceTree = "<group>"; };
		902467F81EC2335100B07F61 /* Base */ = {isa = PBXFileReference; lastKnownFileType = file.storyboard; name = Base; path = Base.lproj/LaunchScreen.storyboard; sourceTree = "<group>"; };
		902467FA1EC2335100B07F61 /* Info.plist */ = {isa = PBXFileReference; lastKnownFileType = text.plist.xml; path = Info.plist; sourceTree = "<group>"; };
		902468001EC233F300B07F61 /* ManagementStudentTableViewController.swift */ = {isa = PBXFileReference; fileEncoding = 4; lastKnownFileType = sourcecode.swift; path = ManagementStudentTableViewController.swift; sourceTree = "<group>"; };
		902468021EC235AD00B07F61 /* ManagementStudentTableViewCell.swift */ = {isa = PBXFileReference; fileEncoding = 4; lastKnownFileType = sourcecode.swift; path = ManagementStudentTableViewCell.swift; sourceTree = "<group>"; };
		902468041EC2361800B07F61 /* AddStudentViewController.swift */ = {isa = PBXFileReference; fileEncoding = 4; lastKnownFileType = sourcecode.swift; path = AddStudentViewController.swift; sourceTree = "<group>"; };
		902468061EC236CB00B07F61 /* InfoStudentViewController.swift */ = {isa = PBXFileReference; fileEncoding = 4; lastKnownFileType = sourcecode.swift; path = InfoStudentViewController.swift; sourceTree = "<group>"; };
		902468081EC2370A00B07F61 /* Student.swift */ = {isa = PBXFileReference; fileEncoding = 4; lastKnownFileType = sourcecode.swift; path = Student.swift; sourceTree = "<group>"; };
/* End PBXFileReference section */

/* Begin PBXFrameworksBuildPhase section */
		902467E81EC2335100B07F61 /* Frameworks */ = {
			isa = PBXFrameworksBuildPhase;
			buildActionMask = 2147483647;
			files = (
			);
			runOnlyForDeploymentPostprocessing = 0;
		};
/* End PBXFrameworksBuildPhase section */

/* Begin PBXGroup section */
		902467E21EC2335100B07F61 = {
			isa = PBXGroup;
			children = (
				902467ED1EC2335100B07F61 /* ManagementStudent */,
				902467EC1EC2335100B07F61 /* Products */,
			);
			sourceTree = "<group>";
		};
		902467EC1EC2335100B07F61 /* Products */ = {
			isa = PBXGroup;
			children = (
				902467EB1EC2335100B07F61 /* ManagementStudent.app */,
			);
			name = Products;
			sourceTree = "<group>";
		};
		902467ED1EC2335100B07F61 /* ManagementStudent */ = {
			isa = PBXGroup;
			children = (
				902467EE1EC2335100B07F61 /* AppDelegate.swift */,
				902467F01EC2335100B07F61 /* ViewController.swift */,
				902468001EC233F300B07F61 /* ManagementStudentTableViewController.swift */,
				902468041EC2361800B07F61 /* AddStudentViewController.swift */,
				902468061EC236CB00B07F61 /* InfoStudentViewController.swift */,
				902468081EC2370A00B07F61 /* Student.swift */,
				902468021EC235AD00B07F61 /* ManagementStudentTableViewCell.swift */,
				902467F21EC2335100B07F61 /* Main.storyboard */,
				902467F51EC2335100B07F61 /* Assets.xcassets */,
				902467F71EC2335100B07F61 /* LaunchScreen.storyboard */,
				902467FA1EC2335100B07F61 /* Info.plist */,
			);
			path = ManagementStudent;
			sourceTree = "<group>";
		};
/* End PBXGroup section */

/* Begin PBXNativeTarget section */
		902467EA1EC2335100B07F61 /* ManagementStudent */ = {
			isa = PBXNativeTarget;
			buildConfigurationList = 902467FD1EC2335100B07F61 /* Build configuration list for PBXNativeTarget "ManagementStudent" */;
			buildPhases = (
				902467E71EC2335100B07F61 /* Sources */,
				902467E81EC2335100B07F61 /* Frameworks */,
				902467E91EC2335100B07F61 /* Resources */,
			);
			buildRules = (
			);
			dependencies = (
			);
			name = ManagementStudent;
			productName = ManagementStudent;
			productReference = 902467EB1EC2335100B07F61 /* ManagementStudent.app */;
			productType = "com.apple.product-type.application";
		};
/* End PBXNativeTarget section */

/* Begin PBXProject section */
		902467E31EC2335100B07F61 /* Project object */ = {
			isa = PBXProject;
			attributes = {
				LastSwiftUpdateCheck = 0830;
				LastUpgradeCheck = 0830;
				ORGANIZATIONNAME = Hien;
				TargetAttributes = {
					902467EA1EC2335100B07F61 = {
						CreatedOnToolsVersion = 8.3.2;
						ProvisioningStyle = Automatic;
					};
				};
			};
			buildConfigurationList = 902467E61EC2335100B07F61 /* Build configuration list for PBXProject "ManagementStudent" */;
			compatibilityVersion = "Xcode 3.2";
			developmentRegion = English;
			hasScannedForEncodings = 0;
			knownRegions = (
				en,
				Base,
			);
			mainGroup = 902467E21EC2335100B07F61;
			productRefGroup = 902467EC1EC2335100B07F61 /* Products */;
			projectDirPath = "";
			projectRoot = "";
			targets = (
				902467EA1EC2335100B07F61 /* ManagementStudent */,
			);
		};
/* End PBXProject section */

/* Begin PBXResourcesBuildPhase section */
		902467E91EC2335100B07F61 /* Resources */ = {
			isa = PBXResourcesBuildPhase;
			buildActionMask = 2147483647;
			files = (
				902467F91EC2335100B07F61 /* LaunchScreen.storyboard in Resources */,
				902467F61EC2335100B07F61 /* Assets.xcassets in Resources */,
				902467F41EC2335100B07F61 /* Main.storyboard in Resources */,
			);
			runOnlyForDeploymentPostprocessing = 0;
		};
/* End PBXResourcesBuildPhase section */

/* Begin PBXSourcesBuildPhase section */
		902467E71EC2335100B07F61 /* Sources */ = {
			isa = PBXSourcesBuildPhase;
			buildActionMask = 2147483647;
			files = (
				902467F11EC2335100B07F61 /* ViewController.swift in Sources */,
				902468051EC2361800B07F61 /* AddStudentViewController.swift in Sources */,
				902467EF1EC2335100B07F61 /* AppDelegate.swift in Sources */,
				902468031EC235AD00B07F61 /* ManagementStudentTableViewCell.swift in Sources */,
				902468071EC236CB00B07F61 /* InfoStudentViewController.swift in Sources */,
				902468091EC2370A00B07F61 /* Student.swift in Sources */,
				902468011EC233F300B07F61 /* ManagementStudentTableViewController.swift in Sources */,
			);
			runOnlyForDeploymentPostprocessing = 0;
		};
/* End PBXSourcesBuildPhase section */

/* Begin PBXVariantGroup section */
		902467F21EC2335100B07F61 /* Main.storyboard */ = {
			isa = PBXVariantGroup;
			children = (
				902467F31EC2335100B07F61 /* Base */,
			);
			name = Main.storyboard;
			sourceTree = "<group>";
		};
		902467F71EC2335100B07F61 /* LaunchScreen.storyboard */ = {
			isa = PBXVariantGroup;
			children = (
				902467F81EC2335100B07F61 /* Base */,
			);
			name = LaunchScreen.storyboard;
			sourceTree = "<group>";
		};
/* End PBXVariantGroup section */

/* Begin XCBuildConfiguration section */
		902467FB1EC2335100B07F61 /* Debug */ = {
			isa = XCBuildConfiguration;
			buildSettings = {
				ALWAYS_SEARCH_USER_PATHS = NO;
				CLANG_ANALYZER_NONNULL = YES;
				CLANG_ANALYZER_NUMBER_OBJECT_CONVERSION = YES_AGGRESSIVE;
				CLANG_CXX_LANGUAGE_STANDARD = "gnu++0x";
				CLANG_CXX_LIBRARY = "libc++";
				CLANG_ENABLE_MODULES = YES;
				CLANG_ENABLE_OBJC_ARC = YES;
				CLANG_WARN_BOOL_CONVERSION = YES;
				CLANG_WARN_CONSTANT_CONVERSION = YES;
				CLANG_WARN_DIRECT_OBJC_ISA_USAGE = YES_ERROR;
				CLANG_WARN_DOCUMENTATION_COMMENTS = YES;
				CLANG_WARN_EMPTY_BODY = YES;
				CLANG_WARN_ENUM_CONVERSION = YES;
				CLANG_WARN_INFINITE_RECURSION = YES;
				CLANG_WARN_INT_CONVERSION = YES;
				CLANG_WARN_OBJC_ROOT_CLASS = YES_ERROR;
				CLANG_WARN_SUSPICIOUS_MOVE = YES;
				CLANG_WARN_UNREACHABLE_CODE = YES;
				CLANG_WARN__DUPLICATE_METHOD_MATCH = YES;
				"CODE_SIGN_IDENTITY[sdk=iphoneos*]" = "iPhone Developer";
				COPY_PHASE_STRIP = NO;
				DEBUG_INFORMATION_FORMAT = dwarf;
				ENABLE_STRICT_OBJC_MSGSEND = YES;
				ENABLE_TESTABILITY = YES;
				GCC_C_LANGUAGE_STANDARD = gnu99;
				GCC_DYNAMIC_NO_PIC = NO;
				GCC_NO_COMMON_BLOCKS = YES;
				GCC_OPTIMIZATION_LEVEL = 0;
				GCC_PREPROCESSOR_DEFINITIONS = (
					"DEBUG=1",
					"$(inherited)",
				);
				GCC_WARN_64_TO_32_BIT_CONVERSION = YES;
				GCC_WARN_ABOUT_RETURN_TYPE = YES_ERROR;
				GCC_WARN_UNDECLARED_SELECTOR = YES;
				GCC_WARN_UNINITIALIZED_AUTOS = YES_AGGRESSIVE;
				GCC_WARN_UNUSED_FUNCTION = YES;
				GCC_WARN_UNUSED_VARIABLE = YES;
				IPHONEOS_DEPLOYMENT_TARGET = 10.3;
				MTL_ENABLE_DEBUG_INFO = YES;
				ONLY_ACTIVE_ARCH = YES;
				SDKROOT = iphoneos;
				SWIFT_ACTIVE_COMPILATION_CONDITIONS = DEBUG;
				SWIFT_OPTIMIZATION_LEVEL = "-Onone";
			};
			name = Debug;
		};
		902467FC1EC2335100B07F61 /* Release */ = {
			isa = XCBuildConfiguration;
			buildSettings = {
				ALWAYS_SEARCH_USER_PATHS = NO;
				CLANG_ANALYZER_NONNULL = YES;
				CLANG_ANALYZER_NUMBER_OBJECT_CONVERSION = YES_AGGRESSIVE;
				CLANG_CXX_LANGUAGE_STANDARD = "gnu++0x";
				CLANG_CXX_LIBRARY = "libc++";
				CLANG_ENABLE_MODULES = YES;
				CLANG_ENABLE_OBJC_ARC = YES;
				CLANG_WARN_BOOL_CONVERSION = YES;
				CLANG_WARN_CONSTANT_CONVERSION = YES;
				CLANG_WARN_DIRECT_OBJC_ISA_USAGE = YES_ERROR;
				CLANG_WARN_DOCUMENTATION_COMMENTS = YES;
				CLANG_WARN_EMPTY_BODY = YES;
				CLANG_WARN_ENUM_CONVERSION = YES;
				CLANG_WARN_INFINITE_RECURSION = YES;
				CLANG_WARN_INT_CONVERSION = YES;
				CLANG_WARN_OBJC_ROOT_CLASS = YES_ERROR;
				CLANG_WARN_SUSPICIOUS_MOVE = YES;
				CLANG_WARN_UNREACHABLE_CODE = YES;
				CLANG_WARN__DUPLICATE_METHOD_MATCH = YES;
				"CODE_SIGN_IDENTITY[sdk=iphoneos*]" = "iPhone Developer";
				COPY_PHASE_STRIP = NO;
				DEBUG_INFORMATION_FORMAT = "dwarf-with-dsym";
				ENABLE_NS_ASSERTIONS = NO;
				ENABLE_STRICT_OBJC_MSGSEND = YES;
				GCC_C_LANGUAGE_STANDARD = gnu99;
				GCC_NO_COMMON_BLOCKS = YES;
				GCC_WARN_64_TO_32_BIT_CONVERSION = YES;
				GCC_WARN_ABOUT_RETURN_TYPE = YES_ERROR;
				GCC_WARN_UNDECLARED_SELECTOR = YES;
				GCC_WARN_UNINITIALIZED_AUTOS = YES_AGGRESSIVE;
				GCC_WARN_UNUSED_FUNCTION = YES;
				GCC_WARN_UNUSED_VARIABLE = YES;
				IPHONEOS_DEPLOYMENT_TARGET = 10.3;
				MTL_ENABLE_DEBUG_INFO = NO;
				SDKROOT = iphoneos;
				SWIFT_OPTIMIZATION_LEVEL = "-Owholemodule";
				VALIDATE_PRODUCT = YES;
			};
			name = Release;
		};
		902467FE1EC2335100B07F61 /* Debug */ = {
			isa = XCBuildConfiguration;
			buildSettings = {
				ASSETCATALOG_COMPILER_APPICON_NAME = AppIcon;
				INFOPLIST_FILE = ManagementStudent/Info.plist;
				LD_RUNPATH_SEARCH_PATHS = "$(inherited) @executable_path/Frameworks";
				PRODUCT_BUNDLE_IDENTIFIER = ManagementStudent.ManagementStudent;
				PRODUCT_NAME = "$(TARGET_NAME)";
				SWIFT_VERSION = 3.0;
			};
			name = Debug;
		};
		902467FF1EC2335100B07F61 /* Release */ = {
			isa = XCBuildConfiguration;
			buildSettings = {
				ASSETCATALOG_COMPILER_APPICON_NAME = AppIcon;
				INFOPLIST_FILE = ManagementStudent/Info.plist;
				LD_RUNPATH_SEARCH_PATHS = "$(inherited) @executable_path/Frameworks";
				PRODUCT_BUNDLE_IDENTIFIER = ManagementStudent.ManagementStudent;
				PRODUCT_NAME = "$(TARGET_NAME)";
				SWIFT_VERSION = 3.0;
			};
			name = Release;
		};
/* End XCBuildConfiguration section */

/* Begin XCConfigurationList section */
		902467E61EC2335100B07F61 /* Build configuration list for PBXProject "ManagementStudent" */ = {
			isa = XCConfigurationList;
			buildConfigurations = (
				902467FB1EC2335100B07F61 /* Debug */,
				902467FC1EC2335100B07F61 /* Release */,
			);
			defaultConfigurationIsVisible = 0;
			defaultConfigurationName = Release;
		};
		902467FD1EC2335100B07F61 /* Build configuration list for PBXNativeTarget "ManagementStudent" */ = {
			isa = XCConfigurationList;
			buildConfigurations = (
				902467FE1EC2335100B07F61 /* Debug */,
				902467FF1EC2335100B07F61 /* Release */,
			);
			defaultConfigurationIsVisible = 0;
		};
/* End XCConfigurationList section */
	};
	rootObject = 902467E31EC2335100B07F61 /* Project object */;
}
